
Microsoft Visual Studio Solution File, Format Version 12.00
# Visual Studio Version 16
VisualStudioVersion = 16.0.31624.102
MinimumVisualStudioVersion = 10.0.40219.1
Project("{FAE04EC0-301F-11D3-BF4B-00C04F79EFBC}") = "JsonBase64.Android", "JsonBase64.Android\JsonBase64.Android.csproj", "{4233C8DF-7DD8-41CA-84E8-434DD96254FB}"
EndProject
Project("{FAE04EC0-301F-11D3-BF4B-00C04F79EFBC}") = "JsonBase64.iOS", "JsonBase64.iOS\JsonBase64.iOS.csproj", "{4F452485-3CD4-4E18-B1F9-4F39306BB1D0}"
EndProject
Project("{FAE04EC0-301F-11D3-BF4B-00C04F79EFBC}") = "JsonBase64", "JsonBase64\JsonBase64.csproj", "{A5B40755-F1C9-4588-8E29-306D41E777D9}"
EndProject
Global
	GlobalSection(SolutionConfigurationPlatforms) = preSolution
		Debug|Any CPU = Debug|Any CPU
		Debug|iPhone = Debug|iPhone
		Debug|iPhoneSimulator = Debug|iPhoneSimulator
		Release|Any CPU = Release|Any CPU
		Release|iPhone = Release|iPhone
		Release|iPhoneSimulator = Release|iPhoneSimulator
	EndGlobalSection
	GlobalSection(ProjectConfigurationPlatforms) = postSolution
		{4233C8DF-7DD8-41CA-84E8-434DD96254FB}.Debug|Any CPU.ActiveCfg = Debug|Any CPU
		{4233C8DF-7DD8-41CA-84E8-434DD96254FB}.Debug|Any CPU.Build.0 = Debug|Any CPU
		{4233C8DF-7DD8-41CA-84E8-434DD96254FB}.Debug|Any CPU.Deploy.0 = Debug|Any CPU
		{4233C8DF-7DD8-41CA-84E8-434DD96254FB}.Debug|iPhone.ActiveCfg = Debug|Any CPU
		{4233C8DF-7DD8-41CA-84E8-434DD96254FB}.Debug|iPhone.Build.0 = Debug|Any CPU
		{4233C8DF-7DD8-41CA-84E8-434DD96254FB}.Debug|iPhone.Deploy.0 = Debug|Any CPU
		{4233C8DF-7DD8-41CA-84E8-434DD96254FB}.Debug|iPhoneSimulator.ActiveCfg = Debug|Any CPU
		{4233C8DF-7DD8-41CA-84E8-434DD96254FB}.Debug|iPhoneSimulator.Build.0 = Debug|Any CPU
		{4233C8DF-7DD8-41CA-84E8-434DD96254FB}.Debug|iPhoneSimulator.Deploy.0 = Debug|Any CPU
		{4233C8DF-7DD8-41CA-84E8-434DD96254FB}.Release|Any CPU.ActiveCfg = Release|Any CPU
		{4233C8DF-7DD8-41CA-84E8-434DD96254FB}.Release|Any CPU.Build.0 = Release|Any CPU
		{4233C8DF-7DD8-41CA-84E8-434DD96254FB}.Release|Any CPU.Deploy.0 = Release|Any CPU
		{4233C8DF-7DD8-41CA-84E8-434DD96254FB}.Release|iPhone.ActiveCfg = Release|Any CPU
		{4233C8DF-7DD8-41CA-84E8-434DD96254FB}.Release|iPhone.Build.0 = Release|Any CPU
		{4233C8DF-7DD8-41CA-84E8-434DD96254FB}.Release|iPhone.Deploy.0 = Release|Any CPU
		{4233C8DF-7DD8-41CA-84E8-434DD96254FB}.Release|iPhoneSimulator.ActiveCfg = Release|Any CPU
		{4233C8DF-7DD8-41CA-84E8-434DD96254FB}.Release|iPhoneSimulator.Build.0 = Release|Any CPU
		{4233C8DF-7DD8-41CA-84E8-434DD96254FB}.Release|iPhoneSimulator.Deploy.0 = Release|Any CPU
		{4F452485-3CD4-4E18-B1F9-4F39306BB1D0}.Debug|Any CPU.ActiveCfg = Debug|iPhone
		{4F452485-3CD4-4E18-B1F9-4F39306BB1D0}.Debug|Any CPU.Build.0 = Debug|iPhone
		{4F452485-3CD4-4E18-B1F9-4F39306BB1D0}.Debug|Any CPU.Deploy.0 = Debug|iPhone
		{4F452485-3CD4-4E18-B1F9-4F39306BB1D0}.Debug|iPhone.ActiveCfg = Debug|iPhone
		{4F452485-3CD4-4E18-B1F9-4F39306BB1D0}.Debug|iPhone.Build.0 = Debug|iPhone
		{4F452485-3CD4-4E18-B1F9-4F39306BB1D0}.Debug|iPhone.Deploy.0 = Debug|iPhone
		{4F452485-3CD4-4E18-B1F9-4F39306BB1D0}.Debug|iPhoneSimulator.ActiveCfg = Debug|iPhoneSimulator
		{4F452485-3CD4-4E18-B1F9-4F39306BB1D0}.Debug|iPhoneSimulator.Build.0 = Debug|iPhoneSimulator
		{4F452485-3CD4-4E18-B1F9-4F39306BB1D0}.Debug|iPhoneSimulator.Deploy.0 = Debug|iPhoneSimulator
		{4F452485-3CD4-4E18-B1F9-4F39306BB1D0}.Release|Any CPU.ActiveCfg = Release|iPhoneSimulator
		{4F452485-3CD4-4E18-B1F9-4F39306BB1D0}.Release|Any CPU.Build.0 = Release|iPhoneSimulator
		{4F452485-3CD4-4E18-B1F9-4F39306BB1D0}.Release|Any CPU.Deploy.0 = Release|iPhoneSimulator
		{4F452485-3CD4-4E18-B1F9-4F39306BB1D0}.Release|iPhone.ActiveCfg = Release|iPhone
		{4F452485-3CD4-4E18-B1F9-4F39306BB1D0}.Release|iPhone.Build.0 = Release|iPhone
		{4F452485-3CD4-4E18-B1F9-4F39306BB1D0}.Release|iPhone.Deploy.0 = Release|iPhone
		{4F452485-3CD4-4E18-B1F9-4F39306BB1D0}.Release|iPhoneSimulator.ActiveCfg = Release|iPhoneSimulator
		{4F452485-3CD4-4E18-B1F9-4F39306BB1D0}.Release|iPhoneSimulator.Build.0 = Release|iPhoneSimulator
		{4F452485-3CD4-4E18-B1F9-4F39306BB1D0}.Release|iPhoneSimulator.Deploy.0 = Release|iPhoneSimulator
		{A5B40755-F1C9-4588-8E29-306D41E777D9}.Debug|Any CPU.ActiveCfg = Debug|Any CPU
		{A5B40755-F1C9-4588-8E29-306D41E777D9}.Debug|Any CPU.Build.0 = Debug|Any CPU
		{A5B40755-F1C9-4588-8E29-306D41E777D9}.Debug|Any CPU.Deploy.0 = Debug|Any CPU
		{A5B40755-F1C9-4588-8E29-306D41E777D9}.Debug|iPhone.ActiveCfg = Debug|Any CPU
		{A5B40755-F1C9-4588-8E29-306D41E777D9}.Debug|iPhone.Build.0 = Debug|Any CPU
		{A5B40755-F1C9-4588-8E29-306D41E777D9}.Debug|iPhone.Deploy.0 = Debug|Any CPU
		{A5B40755-F1C9-4588-8E29-306D41E777D9}.Debug|iPhoneSimulator.ActiveCfg = Debug|Any CPU
		{A5B40755-F1C9-4588-8E29-306D41E777D9}.Debug|iPhoneSimulator.Build.0 = Debug|Any CPU
		{A5B40755-F1C9-4588-8E29-306D41E777D9}.Debug|iPhoneSimulator.Deploy.0 = Debug|Any CPU
		{A5B40755-F1C9-4588-8E29-306D41E777D9}.Release|Any CPU.ActiveCfg = Release|Any CPU
		{A5B40755-F1C9-4588-8E29-306D41E777D9}.Release|Any CPU.Build.0 = Release|Any CPU
		{A5B40755-F1C9-4588-8E29-306D41E777D9}.Release|Any CPU.Deploy.0 = Release|Any CPU
		{A5B40755-F1C9-4588-8E29-306D41E777D9}.Release|iPhone.ActiveCfg = Release|Any CPU
		{A5B40755-F1C9-4588-8E29-306D41E777D9}.Release|iPhone.Build.0 = Release|Any CPU
		{A5B40755-F1C9-4588-8E29-306D41E777D9}.Release|iPhone.Deploy.0 = Release|Any CPU
		{A5B40755-F1C9-4588-8E29-306D41E777D9}.Release|iPhoneSimulator.ActiveCfg = Release|Any CPU
		{A5B40755-F1C9-4588-8E29-306D41E777D9}.Release|iPhoneSimulator.Build.0 = Release|Any CPU
		{A5B40755-F1C9-4588-8E29-306D41E777D9}.Release|iPhoneSimulator.Deploy.0 = Release|Any CPU
	EndGlobalSection
	GlobalSection(SolutionProperties) = preSolution
		HideSolutionNode = FALSE
	EndGlobalSection
	GlobalSection(ExtensibilityGlobals) = postSolution
		SolutionGuid = {63A4E698-DA30-4759-A28D-F71A11481E91}
	EndGlobalSection
EndGlobal
